
Microsoft Visual Studio Solution File, Format Version 12.00
Project("{FAE04EC0-301F-11D3-BF4B-00C04F79EFBC}") = "WpfApplication2", "WpfApplication2\WpfApplication2.csproj", "{0B200568-A49F-46CE-B22F-992C7BEA031C}"
EndProject
Global
	GlobalSection(SolutionConfigurationPlatforms) = preSolution
		Debug|Any CPU = Debug|Any CPU
		Release|Any CPU = Release|Any CPU
	EndGlobalSection
	GlobalSection(ProjectConfigurationPlatforms) = postSolution
		{0B200568-A49F-46CE-B22F-992C7BEA031C}.Debug|Any CPU.ActiveCfg = Debug|Any CPU
		{0B200568-A49F-46CE-B22F-992C7BEA031C}.Debug|Any CPU.Build.0 = Debug|Any CPU
		{0B200568-A49F-46CE-B22F-992C7BEA031C}.Release|Any CPU.ActiveCfg = Release|Any CPU
		{0B200568-A49F-46CE-B22F-992C7BEA031C}.Release|Any CPU.Build.0 = Release|Any CPU
	EndGlobalSection
EndGlobal
